#include<stdio.h>
#include<stdlib.h>
#include <string.h>

int main(){

    char nama[] = "Universitas Gunadarma";
    char universitas[30];
    char lokasi[] = "Depok";
    int panjang_nama

    strcpy(universitas,nama);


    //tulis perintah untuk copy string nama ke string universitas

   //maka sekarang universitas akan berisi:
    printf("string universitas: %s\n", universitas);

   strcat(lokasi,universitas);

   // tulis perintah untuk menggabungkan string universitas dan string lokasi
    printf("isi dari string universitas: %s\n", universitas);

    strlen(nama,panjang_nama);

   // tulis perintah untuk menghitung panjang karakter dari string nama
    printf("Panjang string nama: %d karakter\n", panjang_nama);
}
